// !$*UTF8*$!
{
	archiveVersion = 1;
	classes = {
	};
	objectVersion = 46;
	objects = {

/* Begin PBXBuildFile section */
		E882171617C3476000863EF7 /* UIKit.framework in Frameworks */ = {isa = PBXBuildFile; fileRef = E882171517C3476000863EF7 /* UIKit.framework */; };
		E882171817C3476000863EF7 /* Foundation.framework in Frameworks */ = {isa = PBXBuildFile; fileRef = E882171717C3476000863EF7 /* Foundation.framework */; };
		E882171A17C3476000863EF7 /* CoreGraphics.framework in Frameworks */ = {isa = PBXBuildFile; fileRef = E882171917C3476000863EF7 /* CoreGraphics.framework */; };
		E882178417C3604B00863EF7 /* AppDelegate.m in Sources */ = {isa = PBXBuildFile; fileRef = E882178017C3604B00863EF7 /* AppDelegate.m */; };
		E882178517C3604B00863EF7 /* ViewController.m in Sources */ = {isa = PBXBuildFile; fileRef = E882178217C3604B00863EF7 /* ViewController.m */; };
		E882178617C3604B00863EF7 /* ViewController.xib in Resources */ = {isa = PBXBuildFile; fileRef = E882178317C3604B00863EF7 /* ViewController.xib */; };
		E882178F17C3608F00863EF7 /* Default-568h@2x.png in Resources */ = {isa = PBXBuildFile; fileRef = E882178A17C3608F00863EF7 /* Default-568h@2x.png */; };
		E882179017C3608F00863EF7 /* Default.png in Resources */ = {isa = PBXBuildFile; fileRef = E882178B17C3608F00863EF7 /* Default.png */; };
		E882179117C3608F00863EF7 /* Default@2x.png in Resources */ = {isa = PBXBuildFile; fileRef = E882178C17C3608F00863EF7 /* Default@2x.png */; };
		E882179217C3608F00863EF7 /* main.m in Sources */ = {isa = PBXBuildFile; fileRef = E882178D17C3608F00863EF7 /* main.m */; };
		E882179417C360A400863EF7 /* InfoPlist.strings in Resources */ = {isa = PBXBuildFile; fileRef = E882179317C360A400863EF7 /* InfoPlist.strings */; };
		E88217A417C3614700863EF7 /* al_btnNormal.png in Resources */ = {isa = PBXBuildFile; fileRef = E882179717C3614700863EF7 /* al_btnNormal.png */; };
		E88217A517C3614700863EF7 /* al_btnNormal@2x.png in Resources */ = {isa = PBXBuildFile; fileRef = E882179817C3614700863EF7 /* al_btnNormal@2x.png */; };
		E88217A617C3614700863EF7 /* al_btnNormal_selected.png in Resources */ = {isa = PBXBuildFile; fileRef = E882179917C3614700863EF7 /* al_btnNormal_selected.png */; };
		E88217A717C3614700863EF7 /* al_btnNormal_selected@2x.png in Resources */ = {isa = PBXBuildFile; fileRef = E882179A17C3614700863EF7 /* al_btnNormal_selected@2x.png */; };
		E88217A817C3614700863EF7 /* al_btnRedNormal.png in Resources */ = {isa = PBXBuildFile; fileRef = E882179B17C3614700863EF7 /* al_btnRedNormal.png */; };
		E88217A917C3614700863EF7 /* al_btnRedNormal@2x.png in Resources */ = {isa = PBXBuildFile; fileRef = E882179C17C3614700863EF7 /* al_btnRedNormal@2x.png */; };
		E88217AA17C3614700863EF7 /* al_btnRedNormal_selected.png in Resources */ = {isa = PBXBuildFile; fileRef = E882179D17C3614700863EF7 /* al_btnRedNormal_selected.png */; };
		E88217AB17C3614700863EF7 /* al_btnRedNormal_selected@2x.png in Resources */ = {isa = PBXBuildFile; fileRef = E882179E17C3614700863EF7 /* al_btnRedNormal_selected@2x.png */; };
		E88217AC17C3614700863EF7 /* ALCustomizedButton.m in Sources */ = {isa = PBXBuildFile; fileRef = E88217A017C3614700863EF7 /* ALCustomizedButton.m */; };
		E88217AD17C3614700863EF7 /* ALCustomizedButtonSample.m in Sources */ = {isa = PBXBuildFile; fileRef = E88217A317C3614700863EF7 /* ALCustomizedButtonSample.m */; };
/* End PBXBuildFile section */

/* Begin PBXFileReference section */
		E882171217C3476000863EF7 /* ALCustomizedButton.app */ = {isa = PBXFileReference; explicitFileType = wrapper.application; includeInIndex = 0; path = ALCustomizedButton.app; sourceTree = BUILT_PRODUCTS_DIR; };
		E882171517C3476000863EF7 /* UIKit.framework */ = {isa = PBXFileReference; lastKnownFileType = wrapper.framework; name = UIKit.framework; path = System/Library/Frameworks/UIKit.framework; sourceTree = SDKROOT; };
		E882171717C3476000863EF7 /* Foundation.framework */ = {isa = PBXFileReference; lastKnownFileType = wrapper.framework; name = Foundation.framework; path = System/Library/Frameworks/Foundation.framework; sourceTree = SDKROOT; };
		E882171917C3476000863EF7 /* CoreGraphics.framework */ = {isa = PBXFileReference; lastKnownFileType = wrapper.framework; name = CoreGraphics.framework; path = System/Library/Frameworks/CoreGraphics.framework; sourceTree = SDKROOT; };
		E882177F17C3604B00863EF7 /* AppDelegate.h */ = {isa = PBXFileReference; fileEncoding = 4; lastKnownFileType = sourcecode.c.h; path = AppDelegate.h; sourceTree = "<group>"; };
		E882178017C3604B00863EF7 /* AppDelegate.m */ = {isa = PBXFileReference; fileEncoding = 4; lastKnownFileType = sourcecode.c.objc; path = AppDelegate.m; sourceTree = "<group>"; };
		E882178117C3604B00863EF7 /* ViewController.h */ = {isa = PBXFileReference; fileEncoding = 4; lastKnownFileType = sourcecode.c.h; path = ViewController.h; sourceTree = "<group>"; };
		E882178217C3604B00863EF7 /* ViewController.m */ = {isa = PBXFileReference; fileEncoding = 4; lastKnownFileType = sourcecode.c.objc; path = ViewController.m; sourceTree = "<group>"; };
		E882178317C3604B00863EF7 /* ViewController.xib */ = {isa = PBXFileReference; fileEncoding = 4; lastKnownFileType = file.xib; path = ViewController.xib; sourceTree = "<group>"; };
		E882178817C3608F00863EF7 /* ALCustomizedButton-Info.plist */ = {isa = PBXFileReference; fileEncoding = 4; lastKnownFileType = text.plist.xml; path = "ALCustomizedButton-Info.plist"; sourceTree = "<group>"; };
		E882178917C3608F00863EF7 /* ALCustomizedButton-Prefix.pch */ = {isa = PBXFileReference; fileEncoding = 4; lastKnownFileType = sourcecode.c.h; path = "ALCustomizedButton-Prefix.pch"; sourceTree = "<group>"; };
		E882178A17C3608F00863EF7 /* Default-568h@2x.png */ = {isa = PBXFileReference; lastKnownFileType = image.png; path = "Default-568h@2x.png"; sourceTree = "<group>"; };
		E882178B17C3608F00863EF7 /* Default.png */ = {isa = PBXFileReference; lastKnownFileType = image.png; path = Default.png; sourceTree = "<group>"; };
		E882178C17C3608F00863EF7 /* Default@2x.png */ = {isa = PBXFileReference; lastKnownFileType = image.png; path = "Default@2x.png"; sourceTree = "<group>"; };
		E882178D17C3608F00863EF7 /* main.m */ = {isa = PBXFileReference; fileEncoding = 4; lastKnownFileType = sourcecode.c.objc; path = main.m; sourceTree = "<group>"; };
		E882179317C360A400863EF7 /* InfoPlist.strings */ = {isa = PBXFileReference; fileEncoding = 4; lastKnownFileType = text.plist.strings; path = InfoPlist.strings; sourceTree = "<group>"; };
		E882179717C3614700863EF7 /* al_btnNormal.png */ = {isa = PBXFileReference; lastKnownFileType = image.png; path = al_btnNormal.png; sourceTree = "<group>"; };
		E882179817C3614700863EF7 /* al_btnNormal@2x.png */ = {isa = PBXFileReference; lastKnownFileType = image.png; path = "al_btnNormal@2x.png"; sourceTree = "<group>"; };
		E882179917C3614700863EF7 /* al_btnNormal_selected.png */ = {isa = PBXFileReference; lastKnownFileType = image.png; path = al_btnNormal_selected.png; sourceTree = "<group>"; };
		E882179A17C3614700863EF7 /* al_btnNormal_selected@2x.png */ = {isa = PBXFileReference; lastKnownFileType = image.png; path = "al_btnNormal_selected@2x.png"; sourceTree = "<group>"; };
		E882179B17C3614700863EF7 /* al_btnRedNormal.png */ = {isa = PBXFileReference; lastKnownFileType = image.png; path = al_btnRedNormal.png; sourceTree = "<group>"; };
		E882179C17C3614700863EF7 /* al_btnRedNormal@2x.png */ = {isa = PBXFileReference; lastKnownFileType = image.png; path = "al_btnRedNormal@2x.png"; sourceTree = "<group>"; };
		E882179D17C3614700863EF7 /* al_btnRedNormal_selected.png */ = {isa = PBXFileReference; lastKnownFileType = image.png; path = al_btnRedNormal_selected.png; sourceTree = "<group>"; };
		E882179E17C3614700863EF7 /* al_btnRedNormal_selected@2x.png */ = {isa = PBXFileReference; lastKnownFileType = image.png; path = "al_btnRedNormal_selected@2x.png"; sourceTree = "<group>"; };
		E882179F17C3614700863EF7 /* ALCustomizedButton.h */ = {isa = PBXFileReference; fileEncoding = 4; lastKnownFileType = sourcecode.c.h; path = ALCustomizedButton.h; sourceTree = "<group>"; };
		E88217A017C3614700863EF7 /* ALCustomizedButton.m */ = {isa = PBXFileReference; fileEncoding = 4; lastKnownFileType = sourcecode.c.objc; path = ALCustomizedButton.m; sourceTree = "<group>"; };
		E88217A217C3614700863EF7 /* ALCustomizedButtonSample.h */ = {isa = PBXFileReference; fileEncoding = 4; lastKnownFileType = sourcecode.c.h; path = ALCustomizedButtonSample.h; sourceTree = "<group>"; };
		E88217A317C3614700863EF7 /* ALCustomizedButtonSample.m */ = {isa = PBXFileReference; fileEncoding = 4; lastKnownFileType = sourcecode.c.objc; path = ALCustomizedButtonSample.m; sourceTree = "<group>"; };
/* End PBXFileReference section */

/* Begin PBXFrameworksBuildPhase section */
		E882170F17C3476000863EF7 /* Frameworks */ = {
			isa = PBXFrameworksBuildPhase;
			buildActionMask = 2147483647;
			files = (
				E882171617C3476000863EF7 /* UIKit.framework in Frameworks */,
				E882171817C3476000863EF7 /* Foundation.framework in Frameworks */,
				E882171A17C3476000863EF7 /* CoreGraphics.framework in Frameworks */,
			);
			runOnlyForDeploymentPostprocessing = 0;
		};
/* End PBXFrameworksBuildPhase section */

/* Begin PBXGroup section */
		E882170917C3476000863EF7 = {
			isa = PBXGroup;
			children = (
				E882179517C3614700863EF7 /* ALCustomButton */,
				E882177E17C3600300863EF7 /* classes */,
				E882178717C3606300863EF7 /* resources */,
				E882171417C3476000863EF7 /* Frameworks */,
				E882171317C3476000863EF7 /* Products */,
			);
			sourceTree = "<group>";
		};
		E882171317C3476000863EF7 /* Products */ = {
			isa = PBXGroup;
			children = (
				E882171217C3476000863EF7 /* ALCustomizedButton.app */,
			);
			name = Products;
			sourceTree = "<group>";
		};
		E882171417C3476000863EF7 /* Frameworks */ = {
			isa = PBXGroup;
			children = (
				E882171517C3476000863EF7 /* UIKit.framework */,
				E882171717C3476000863EF7 /* Foundation.framework */,
				E882171917C3476000863EF7 /* CoreGraphics.framework */,
			);
			name = Frameworks;
			sourceTree = "<group>";
		};
		E882177E17C3600300863EF7 /* classes */ = {
			isa = PBXGroup;
			children = (
				E882179317C360A400863EF7 /* InfoPlist.strings */,
				E882177F17C3604B00863EF7 /* AppDelegate.h */,
				E882178017C3604B00863EF7 /* AppDelegate.m */,
				E882178117C3604B00863EF7 /* ViewController.h */,
				E882178217C3604B00863EF7 /* ViewController.m */,
				E882178317C3604B00863EF7 /* ViewController.xib */,
			);
			path = classes;
			sourceTree = "<group>";
		};
		E882178717C3606300863EF7 /* resources */ = {
			isa = PBXGroup;
			children = (
				E882178817C3608F00863EF7 /* ALCustomizedButton-Info.plist */,
				E882178917C3608F00863EF7 /* ALCustomizedButton-Prefix.pch */,
				E882178A17C3608F00863EF7 /* Default-568h@2x.png */,
				E882178B17C3608F00863EF7 /* Default.png */,
				E882178C17C3608F00863EF7 /* Default@2x.png */,
				E882178D17C3608F00863EF7 /* main.m */,
			);
			path = resources;
			sourceTree = "<group>";
		};
		E882179517C3614700863EF7 /* ALCustomButton */ = {
			isa = PBXGroup;
			children = (
				E88217A117C3614700863EF7 /* skin */,
				E882179617C3614700863EF7 /* alBtnImage */,
				E882179F17C3614700863EF7 /* ALCustomizedButton.h */,
				E88217A017C3614700863EF7 /* ALCustomizedButton.m */,
			);
			path = ALCustomButton;
			sourceTree = "<group>";
		};
		E882179617C3614700863EF7 /* alBtnImage */ = {
			isa = PBXGroup;
			children = (
				E882179717C3614700863EF7 /* al_btnNormal.png */,
				E882179817C3614700863EF7 /* al_btnNormal@2x.png */,
				E882179917C3614700863EF7 /* al_btnNormal_selected.png */,
				E882179A17C3614700863EF7 /* al_btnNormal_selected@2x.png */,
				E882179B17C3614700863EF7 /* al_btnRedNormal.png */,
				E882179C17C3614700863EF7 /* al_btnRedNormal@2x.png */,
				E882179D17C3614700863EF7 /* al_btnRedNormal_selected.png */,
				E882179E17C3614700863EF7 /* al_btnRedNormal_selected@2x.png */,
			);
			path = alBtnImage;
			sourceTree = "<group>";
		};
		E88217A117C3614700863EF7 /* skin */ = {
			isa = PBXGroup;
			children = (
				E88217A217C3614700863EF7 /* ALCustomizedButtonSample.h */,
				E88217A317C3614700863EF7 /* ALCustomizedButtonSample.m */,
			);
			path = skin;
			sourceTree = "<group>";
		};
/* End PBXGroup section */

/* Begin PBXNativeTarget section */
		E882171117C3476000863EF7 /* ALCustomizedButton */ = {
			isa = PBXNativeTarget;
			buildConfigurationList = E882173517C3476100863EF7 /* Build configuration list for PBXNativeTarget "ALCustomizedButton" */;
			buildPhases = (
				E882170E17C3476000863EF7 /* Sources */,
				E882170F17C3476000863EF7 /* Frameworks */,
				E882171017C3476000863EF7 /* Resources */,
			);
			buildRules = (
			);
			dependencies = (
			);
			name = ALCustomizedButton;
			productName = ALCustomizedButtton;
			productReference = E882171217C3476000863EF7 /* ALCustomizedButton.app */;
			productType = "com.apple.product-type.application";
		};
/* End PBXNativeTarget section */

/* Begin PBXProject section */
		E882170A17C3476000863EF7 /* Project object */ = {
			isa = PBXProject;
			attributes = {
				LastUpgradeCheck = 0460;
				ORGANIZATIONNAME = "Lobanov Aleksey";
			};
			buildConfigurationList = E882170D17C3476000863EF7 /* Build configuration list for PBXProject "ALCustomizedButton" */;
			compatibilityVersion = "Xcode 3.2";
			developmentRegion = English;
			hasScannedForEncodings = 0;
			knownRegions = (
				en,
			);
			mainGroup = E882170917C3476000863EF7;
			productRefGroup = E882171317C3476000863EF7 /* Products */;
			projectDirPath = "";
			projectRoot = "";
			targets = (
				E882171117C3476000863EF7 /* ALCustomizedButton */,
			);
		};
/* End PBXProject section */

/* Begin PBXResourcesBuildPhase section */
		E882171017C3476000863EF7 /* Resources */ = {
			isa = PBXResourcesBuildPhase;
			buildActionMask = 2147483647;
			files = (
				E882178617C3604B00863EF7 /* ViewController.xib in Resources */,
				E882178F17C3608F00863EF7 /* Default-568h@2x.png in Resources */,
				E882179017C3608F00863EF7 /* Default.png in Resources */,
				E882179117C3608F00863EF7 /* Default@2x.png in Resources */,
				E882179417C360A400863EF7 /* InfoPlist.strings in Resources */,
				E88217A417C3614700863EF7 /* al_btnNormal.png in Resources */,
				E88217A517C3614700863EF7 /* al_btnNormal@2x.png in Resources */,
				E88217A617C3614700863EF7 /* al_btnNormal_selected.png in Resources */,
				E88217A717C3614700863EF7 /* al_btnNormal_selected@2x.png in Resources */,
				E88217A817C3614700863EF7 /* al_btnRedNormal.png in Resources */,
				E88217A917C3614700863EF7 /* al_btnRedNormal@2x.png in Resources */,
				E88217AA17C3614700863EF7 /* al_btnRedNormal_selected.png in Resources */,
				E88217AB17C3614700863EF7 /* al_btnRedNormal_selected@2x.png in Resources */,
			);
			runOnlyForDeploymentPostprocessing = 0;
		};
/* End PBXResourcesBuildPhase section */

/* Begin PBXSourcesBuildPhase section */
		E882170E17C3476000863EF7 /* Sources */ = {
			isa = PBXSourcesBuildPhase;
			buildActionMask = 2147483647;
			files = (
				E882178417C3604B00863EF7 /* AppDelegate.m in Sources */,
				E882178517C3604B00863EF7 /* ViewController.m in Sources */,
				E882179217C3608F00863EF7 /* main.m in Sources */,
				E88217AC17C3614700863EF7 /* ALCustomizedButton.m in Sources */,
				E88217AD17C3614700863EF7 /* ALCustomizedButtonSample.m in Sources */,
			);
			runOnlyForDeploymentPostprocessing = 0;
		};
/* End PBXSourcesBuildPhase section */

/* Begin XCBuildConfiguration section */
		E882173317C3476100863EF7 /* Debug */ = {
			isa = XCBuildConfiguration;
			buildSettings = {
				ALWAYS_SEARCH_USER_PATHS = NO;
				CLANG_CXX_LANGUAGE_STANDARD = "gnu++0x";
				CLANG_CXX_LIBRARY = "libc++";
				CLANG_ENABLE_OBJC_ARC = YES;
				CLANG_WARN_CONSTANT_CONVERSION = YES;
				CLANG_WARN_EMPTY_BODY = YES;
				CLANG_WARN_ENUM_CONVERSION = YES;
				CLANG_WARN_INT_CONVERSION = YES;
				CLANG_WARN__DUPLICATE_METHOD_MATCH = YES;
				"CODE_SIGN_IDENTITY[sdk=iphoneos*]" = "iPhone Developer";
				COPY_PHASE_STRIP = NO;
				GCC_C_LANGUAGE_STANDARD = gnu99;
				GCC_DYNAMIC_NO_PIC = NO;
				GCC_OPTIMIZATION_LEVEL = 0;
				GCC_PREPROCESSOR_DEFINITIONS = (
					"DEBUG=1",
					"$(inherited)",
				);
				GCC_SYMBOLS_PRIVATE_EXTERN = NO;
				GCC_WARN_ABOUT_RETURN_TYPE = YES;
				GCC_WARN_UNINITIALIZED_AUTOS = YES;
				GCC_WARN_UNUSED_VARIABLE = YES;
				IPHONEOS_DEPLOYMENT_TARGET = 6.1;
				ONLY_ACTIVE_ARCH = YES;
				SDKROOT = iphoneos;
			};
			name = Debug;
		};
		E882173417C3476100863EF7 /* Release */ = {
			isa = XCBuildConfiguration;
			buildSettings = {
				ALWAYS_SEARCH_USER_PATHS = NO;
				CLANG_CXX_LANGUAGE_STANDARD = "gnu++0x";
				CLANG_CXX_LIBRARY = "libc++";
				CLANG_ENABLE_OBJC_ARC = YES;
				CLANG_WARN_CONSTANT_CONVERSION = YES;
				CLANG_WARN_EMPTY_BODY = YES;
				CLANG_WARN_ENUM_CONVERSION = YES;
				CLANG_WARN_INT_CONVERSION = YES;
				CLANG_WARN__DUPLICATE_METHOD_MATCH = YES;
				"CODE_SIGN_IDENTITY[sdk=iphoneos*]" = "iPhone Developer";
				COPY_PHASE_STRIP = YES;
				GCC_C_LANGUAGE_STANDARD = gnu99;
				GCC_WARN_ABOUT_RETURN_TYPE = YES;
				GCC_WARN_UNINITIALIZED_AUTOS = YES;
				GCC_WARN_UNUSED_VARIABLE = YES;
				IPHONEOS_DEPLOYMENT_TARGET = 6.1;
				OTHER_CFLAGS = "-DNS_BLOCK_ASSERTIONS=1";
				SDKROOT = iphoneos;
				VALIDATE_PRODUCT = YES;
			};
			name = Release;
		};
		E882173617C3476100863EF7 /* Debug */ = {
			isa = XCBuildConfiguration;
			buildSettings = {
				GCC_PRECOMPILE_PREFIX_HEADER = YES;
				GCC_PREFIX_HEADER = "resources/ALCustomizedButton-Prefix.pch";
				INFOPLIST_FILE = "resources/ALCustomizedButton-Info.plist";
				PRODUCT_NAME = ALCustomizedButton;
				WRAPPER_EXTENSION = app;
			};
			name = Debug;
		};
		E882173717C3476100863EF7 /* Release */ = {
			isa = XCBuildConfiguration;
			buildSettings = {
				GCC_PRECOMPILE_PREFIX_HEADER = YES;
				GCC_PREFIX_HEADER = "resources/ALCustomizedButton-Prefix.pch";
				INFOPLIST_FILE = "resources/ALCustomizedButton-Info.plist";
				PRODUCT_NAME = ALCustomizedButton;
				WRAPPER_EXTENSION = app;
			};
			name = Release;
		};
/* End XCBuildConfiguration section */

/* Begin XCConfigurationList section */
		E882170D17C3476000863EF7 /* Build configuration list for PBXProject "ALCustomizedButton" */ = {
			isa = XCConfigurationList;
			buildConfigurations = (
				E882173317C3476100863EF7 /* Debug */,
				E882173417C3476100863EF7 /* Release */,
			);
			defaultConfigurationIsVisible = 0;
			defaultConfigurationName = Release;
		};
		E882173517C3476100863EF7 /* Build configuration list for PBXNativeTarget "ALCustomizedButton" */ = {
			isa = XCConfigurationList;
			buildConfigurations = (
				E882173617C3476100863EF7 /* Debug */,
				E882173717C3476100863EF7 /* Release */,
			);
			defaultConfigurationIsVisible = 0;
			defaultConfigurationName = Release;
		};
/* End XCConfigurationList section */
	};
	rootObject = E882170A17C3476000863EF7 /* Project object */;
}
